
Microsoft Visual Studio Solution File, Format Version 12.00
# Visual Studio 15
VisualStudioVersion = 15.0.28307.1259
MinimumVisualStudioVersion = 10.0.40219.1
Project("{FAE04EC0-301F-11D3-BF4B-00C04F79EFBC}") = "Ch_Schiop_Adrian", "Ch_Schiop_Adrian\Ch_Schiop_Adrian.csproj", "{61AA27C9-92FB-4202-A253-9BF4C8ED76F0}"
EndProject
Global
	GlobalSection(SolutionConfigurationPlatforms) = preSolution
		Debug|Any CPU = Debug|Any CPU
		Release|Any CPU = Release|Any CPU
	EndGlobalSection
	GlobalSection(ProjectConfigurationPlatforms) = postSolution
		{61AA27C9-92FB-4202-A253-9BF4C8ED76F0}.Debug|Any CPU.ActiveCfg = Debug|Any CPU
		{61AA27C9-92FB-4202-A253-9BF4C8ED76F0}.Debug|Any CPU.Build.0 = Debug|Any CPU
		{61AA27C9-92FB-4202-A253-9BF4C8ED76F0}.Release|Any CPU.ActiveCfg = Release|Any CPU
		{61AA27C9-92FB-4202-A253-9BF4C8ED76F0}.Release|Any CPU.Build.0 = Release|Any CPU
	EndGlobalSection
	GlobalSection(SolutionProperties) = preSolution
		HideSolutionNode = FALSE
	EndGlobalSection
	GlobalSection(ExtensibilityGlobals) = postSolution
		SolutionGuid = {081C297C-8EE5-45D9-B996-818FD41FB275}
	EndGlobalSection
EndGlobal
